
Microsoft Visual Studio Solution File, Format Version 12.00
# Visual Studio Version 17
VisualStudioVersion = 17.0.31919.166
MinimumVisualStudioVersion = 10.0.40219.1
Project("{FAE04EC0-301F-11D3-BF4B-00C04F79EFBC}") = "DAT602", "DAT602.csproj", "{5EB51A53-9E3B-48A5-B21A-FB919671C520}"
EndProject
Global
	GlobalSection(SolutionConfigurationPlatforms) = preSolution
		Debug|Any CPU = Debug|Any CPU
		Release|Any CPU = Release|Any CPU
	EndGlobalSection
	GlobalSection(ProjectConfigurationPlatforms) = postSolution
		{5EB51A53-9E3B-48A5-B21A-FB919671C520}.Debug|Any CPU.ActiveCfg = Debug|Any CPU
		{5EB51A53-9E3B-48A5-B21A-FB919671C520}.Debug|Any CPU.Build.0 = Debug|Any CPU
		{5EB51A53-9E3B-48A5-B21A-FB919671C520}.Release|Any CPU.ActiveCfg = Release|Any CPU
		{5EB51A53-9E3B-48A5-B21A-FB919671C520}.Release|Any CPU.Build.0 = Release|Any CPU
	EndGlobalSection
	GlobalSection(SolutionProperties) = preSolution
		HideSolutionNode = FALSE
	EndGlobalSection
	GlobalSection(ExtensibilityGlobals) = postSolution
		SolutionGuid = {79CAB6BA-24CD-493A-9E31-9D4FECBF5CA3}
	EndGlobalSection
EndGlobal
